{
  "name": "moonbirds",
  "version": "1.0.0",
  "lockfileVersion": 1,
  "requires": true,
  "dependencies": {
    "@chainlink/contracts": {
      "version": "0.3.1",
      "resolved": "https://registry.npmjs.org/@chainlink/contracts/-/contracts-0.3.1.tgz",
      "integrity": "sha512-A8DRvmfNCwLS1iduPPj7wNAZJMe9/ZimMhoHhbbBiq+7Vq/HFjiNcdoQ5NinFdXD5aTsoNUGG5pAYKj7YMpm9A=="
    },
    "@divergencetech/ethier": {
      "version": "0.27.0",
      "resolved": "https://registry.npmjs.org/@divergencetech/ethier/-/ethier-0.27.0.tgz",
      "integrity": "sha512-nyguoQ0PHuj4veMS3Pj5uDt7T6Hxcn5MXlQFX3KhMY9RI2ZLn3Q7xSuauwv7QkK954yQE5doLqFPKMR2dDFoWA==",
      "requires": {
        "@chainlink/contracts": "^0.3.0",
        "@openzeppelin/contracts": "^4.4.1",
        "@openzeppelin/contracts-upgradeable": "^4.4.1",
        "erc721a": "^3.1.0"
      }
    },
    "@openzeppelin/contracts": {
      "version": "4.6.0",
      "resolved": "https://registry.npmjs.org/@openzeppelin/contracts/-/contracts-4.6.0.tgz",
      "integrity": "sha512-8vi4d50NNya/bQqCmaVzvHNmwHvS0OBKb7HNtuNwEE3scXWrP31fKQoGxNMT+KbzmrNZzatE3QK5p2gFONI/hg=="
    },
    "@openzeppelin/contracts-upgradeable": {
      "version": "4.5.2",
      "resolved": "https://registry.npmjs.org/@openzeppelin/contracts-upgradeable/-/contracts-upgradeable-4.5.2.tgz",
      "integrity": "sha512-xgWZYaPlrEOQo3cBj97Ufiuv79SPd8Brh4GcFYhPgb6WvAq4ppz8dWKL6h+jLAK01rUqMRp/TS9AdXgAeNvCLA=="
    },
    "erc721a": {
      "version": "3.2.0",
      "resolved": "https://registry.npmjs.org/erc721a/-/erc721a-3.2.0.tgz",
      "integrity": "sha512-bK6rT45M8csSpH/8SBAhlmyIlCh0LrejflvkSw9zVPU5pNRSe0P0YWmv/g6seYwc8OCfL9ND/fKL8LsuvuePmg==",
      "requires": {
        "@openzeppelin/contracts": "^4.4.2"
      }
    }
  }
}
